
Microsoft Visual Studio Solution File, Format Version 10.00
# Visual Studio 2008
Project("{FAE04EC0-301F-11D3-BF4B-00C04F79EFBC}") = "SOFTPLUSPROJECT", "SOFTPLUSPROJECT\SOFTPLUSPROJECT.csproj", "{F42B672D-9EEB-4C86-A384-B6D3BDA83B76}"
EndProject
Project("{54435603-DBB4-11D2-8724-00A0C9A8B90C}") = "SOFTPLUSPROJECTmsi", "SOFTPLUSPROJECTmsi\SOFTPLUSPROJECTmsi.vdproj", "{8482DA21-651E-4FC1-A572-328012506E90}"
EndProject
Global
	GlobalSection(SolutionConfigurationPlatforms) = preSolution
		Debug|Any CPU = Debug|Any CPU
		Release|Any CPU = Release|Any CPU
	EndGlobalSection
	GlobalSection(ProjectConfigurationPlatforms) = postSolution
		{F42B672D-9EEB-4C86-A384-B6D3BDA83B76}.Debug|Any CPU.ActiveCfg = Debug|Any CPU
		{F42B672D-9EEB-4C86-A384-B6D3BDA83B76}.Debug|Any CPU.Build.0 = Debug|Any CPU
		{F42B672D-9EEB-4C86-A384-B6D3BDA83B76}.Release|Any CPU.ActiveCfg = Release|Any CPU
		{F42B672D-9EEB-4C86-A384-B6D3BDA83B76}.Release|Any CPU.Build.0 = Release|Any CPU
		{8482DA21-651E-4FC1-A572-328012506E90}.Debug|Any CPU.ActiveCfg = Debug
		{8482DA21-651E-4FC1-A572-328012506E90}.Release|Any CPU.ActiveCfg = Release
	EndGlobalSection
	GlobalSection(SolutionProperties) = preSolution
		HideSolutionNode = FALSE
	EndGlobalSection
EndGlobal
